// !$*UTF8*$!
{
	archiveVersion = 1;
	classes = {
	};
	objectVersion = 46;
	objects = {

/* Begin PBXBuildFile section */
		8D11072A0486CEB800E47090 /* MainMenu.nib in Resources */ = {isa = PBXBuildFile; fileRef = 29B97318FDCFA39411CA2CEA /* MainMenu.nib */; };
		8D11072B0486CEB800E47090 /* InfoPlist.strings in Resources */ = {isa = PBXBuildFile; fileRef = 089C165CFE840E0CC02AAC07 /* InfoPlist.strings */; };
		D1C0117A1B00000000000021 /* it.lproj in Resources */ = {isa = PBXBuildFile; fileRef = D1C0117A1B00000000000020 /* it.lproj */; };
		D1C0117A1B00000000000023 /* fr.lproj in Resources */ = {isa = PBXBuildFile; fileRef = D1C0117A1B00000000000022 /* fr.lproj */; };
		D1C0117A1B00000000000025 /* es.lproj in Resources */ = {isa = PBXBuildFile; fileRef = D1C0117A1B00000000000024 /* es.lproj */; };
		D1C0117A1B00000000000011 /* Characters in Resources */ = {isa = PBXBuildFile; fileRef = D1C0117A1B00000000000010 /* Characters */; };
		D1C0117A1B00000000000014 /* NekoCharacter.m in Sources */ = {isa = PBXBuildFile; fileRef = D1C0117A1B00000000000013 /* NekoCharacter.m */; };
		8D11072D0486CEB800E47090 /* main.m in Sources */ = {isa = PBXBuildFile; fileRef = 29B97316FDCFA39411CA2CEA /* main.m */; settings = {ATTRIBUTES = (); }; };
		8D11072F0486CEB800E47090 /* Cocoa.framework in Frameworks */ = {isa = PBXBuildFile; fileRef = 1058C7A1FEA54F0111CA2CBB /* Cocoa.framework */; };
		D1C0117A1B00000000000061 /* Carbon.framework in Frameworks */ = {isa = PBXBuildFile; fileRef = D1C0117A1B00000000000060 /* Carbon.framework */; };
		D1C0117A1B00000000000063 /* Security.framework in Frameworks */ = {isa = PBXBuildFile; fileRef = D1C0117A1B00000000000062 /* Security.framework */; };
		D1C0117A1B00000000000065 /* AVFoundation.framework in Frameworks */ = {isa = PBXBuildFile; fileRef = D1C0117A1B00000000000064 /* AVFoundation.framework */; };
		D1C0117A1B00000000000067 /* Speech.framework in Frameworks */ = {isa = PBXBuildFile; fileRef = D1C0117A1B00000000000066 /* Speech.framework */; settings = {ATTRIBUTES = (Weak, ); }; };
		D1C0117A1B0000000000007D /* FoundationModels.framework in Frameworks */ = {isa = PBXBuildFile; fileRef = D1C0117A1B0000000000007C /* FoundationModels.framework */; };
		D1C0117A1B00000000000031 /* ServiceManagement.framework in Frameworks */ = {isa = PBXBuildFile; fileRef = D1C0117A1B00000000000030 /* ServiceManagement.framework */; };
		A700278D0CA641680057F7E4 /* MyPanel.m in Sources */ = {isa = PBXBuildFile; fileRef = A700278C0CA641680057F7E4 /* MyPanel.m */; };
		D1C0117A1B00000000000042 /* NekoAnswerProvider.m in Sources */ = {isa = PBXBuildFile; fileRef = D1C0117A1B00000000000041 /* NekoAnswerProvider.m */; };
		D1C0117A1B00000000000045 /* NekoShortcutProvider.m in Sources */ = {isa = PBXBuildFile; fileRef = D1C0117A1B00000000000044 /* NekoShortcutProvider.m */; };
		D1C0117A1B00000000000048 /* NekoModelProvider.m in Sources */ = {isa = PBXBuildFile; fileRef = D1C0117A1B00000000000047 /* NekoModelProvider.m */; };
		D1C0117A1B0000000000004B /* NekoHotKey.m in Sources */ = {isa = PBXBuildFile; fileRef = D1C0117A1B0000000000004A /* NekoHotKey.m */; };
		D1C0117A1B0000000000004E /* NekoListener.m in Sources */ = {isa = PBXBuildFile; fileRef = D1C0117A1B0000000000004D /* NekoListener.m */; };
		D1C0117A1B00000000000051 /* NekoBubble.m in Sources */ = {isa = PBXBuildFile; fileRef = D1C0117A1B00000000000050 /* NekoBubble.m */; };
		D1C0117A1B00000000000054 /* NekoAsk.m in Sources */ = {isa = PBXBuildFile; fileRef = D1C0117A1B00000000000053 /* NekoAsk.m */; };
		D1C0117A1B00000000000071 /* NekoAppleProvider.m in Sources */ = {isa = PBXBuildFile; fileRef = D1C0117A1B00000000000070 /* NekoAppleProvider.m */; };
		D1C0117A1B00000000000073 /* NekoAppleModel.swift in Sources */ = {isa = PBXBuildFile; fileRef = D1C0117A1B00000000000072 /* NekoAppleModel.swift */; };
		D1C0117A1B00000000000081 /* NekoOpenAIProvider.m in Sources */ = {isa = PBXBuildFile; fileRef = D1C0117A1B00000000000080 /* NekoOpenAIProvider.m */; };
		D1C0117A1B00000000000083 /* NekoKeychain.m in Sources */ = {isa = PBXBuildFile; fileRef = D1C0117A1B00000000000082 /* NekoKeychain.m */; };
		D1C0117A1B00000000000091 /* NekoModelStore.m in Sources */ = {isa = PBXBuildFile; fileRef = D1C0117A1B00000000000090 /* NekoModelStore.m */; };
		D1C0117A1B00000000000093 /* NekoLocalProvider.m in Sources */ = {isa = PBXBuildFile; fileRef = D1C0117A1B00000000000092 /* NekoLocalProvider.m */; };
		D1C0117A1B00000000000003 /* NekoController.m in Sources */ = {isa = PBXBuildFile; fileRef = D1C0117A1B00000000000002 /* NekoController.m */; };
		A70027B30CA6447E0057F7E4 /* MyView.m in Sources */ = {isa = PBXBuildFile; fileRef = A70027B20CA6447E0057F7E4 /* MyView.m */; };
		A7B9FF1D1A575C310074B4D4 /* Neko.icns in Resources */ = {isa = PBXBuildFile; fileRef = A7B9FF1C1A575C310074B4D4 /* Neko.icns */; };
/* End PBXBuildFile section */

/* Begin PBXFileReference section */
		089C165DFE840E0CC02AAC07 /* English */ = {isa = PBXFileReference; fileEncoding = 10; lastKnownFileType = text.plist.strings; name = English; path = English.lproj/InfoPlist.strings; sourceTree = "<group>"; };
		D1C0117A1B00000000000060 /* Carbon.framework */ = {isa = PBXFileReference; lastKnownFileType = wrapper.framework; name = Carbon.framework; path = /System/Library/Frameworks/Carbon.framework; sourceTree = "<absolute>"; };
		D1C0117A1B00000000000062 /* Security.framework */ = {isa = PBXFileReference; lastKnownFileType = wrapper.framework; name = Security.framework; path = /System/Library/Frameworks/Security.framework; sourceTree = "<absolute>"; };
		D1C0117A1B00000000000064 /* AVFoundation.framework */ = {isa = PBXFileReference; lastKnownFileType = wrapper.framework; name = AVFoundation.framework; path = /System/Library/Frameworks/AVFoundation.framework; sourceTree = "<absolute>"; };
		D1C0117A1B00000000000066 /* Speech.framework */ = {isa = PBXFileReference; lastKnownFileType = wrapper.framework; name = Speech.framework; path = /System/Library/Frameworks/Speech.framework; sourceTree = "<absolute>"; };
		D1C0117A1B0000000000007C /* FoundationModels.framework */ = {isa = PBXFileReference; lastKnownFileType = wrapper.framework; name = FoundationModels.framework; path = /System/Library/Frameworks/FoundationModels.framework; sourceTree = "<absolute>"; };
		D1C0117A1B00000000000030 /* ServiceManagement.framework */ = {isa = PBXFileReference; lastKnownFileType = wrapper.framework; name = ServiceManagement.framework; path = /System/Library/Frameworks/ServiceManagement.framework; sourceTree = "<absolute>"; };
		1058C7A1FEA54F0111CA2CBB /* Cocoa.framework */ = {isa = PBXFileReference; lastKnownFileType = wrapper.framework; name = Cocoa.framework; path = /System/Library/Frameworks/Cocoa.framework; sourceTree = "<absolute>"; };
		13E42FB307B3F0F600E4EEF1 /* CoreData.framework */ = {isa = PBXFileReference; lastKnownFileType = wrapper.framework; name = CoreData.framework; path = /System/Library/Frameworks/CoreData.framework; sourceTree = "<absolute>"; };
		29B97316FDCFA39411CA2CEA /* main.m */ = {isa = PBXFileReference; fileEncoding = 4; lastKnownFileType = sourcecode.c.objc; path = main.m; sourceTree = "<group>"; };
		29B97319FDCFA39411CA2CEA /* English */ = {isa = PBXFileReference; lastKnownFileType = wrapper.nib; name = English; path = English.lproj/MainMenu.nib; sourceTree = "<group>"; };
		29B97324FDCFA39411CA2CEA /* AppKit.framework */ = {isa = PBXFileReference; lastKnownFileType = wrapper.framework; name = AppKit.framework; path = /System/Library/Frameworks/AppKit.framework; sourceTree = "<absolute>"; };
		29B97325FDCFA39411CA2CEA /* Foundation.framework */ = {isa = PBXFileReference; lastKnownFileType = wrapper.framework; name = Foundation.framework; path = /System/Library/Frameworks/Foundation.framework; sourceTree = "<absolute>"; };
		32CA4F630368D1EE00C91783 /* Neko_Prefix.pch */ = {isa = PBXFileReference; fileEncoding = 4; lastKnownFileType = sourcecode.c.h; path = Neko_Prefix.pch; sourceTree = "<group>"; };
		D1C0117A1B00000000000020 /* it.lproj */ = {isa = PBXFileReference; lastKnownFileType = folder; path = it.lproj; sourceTree = "<group>"; };
		D1C0117A1B00000000000022 /* fr.lproj */ = {isa = PBXFileReference; lastKnownFileType = folder; path = fr.lproj; sourceTree = "<group>"; };
		D1C0117A1B00000000000024 /* es.lproj */ = {isa = PBXFileReference; lastKnownFileType = folder; path = es.lproj; sourceTree = "<group>"; };
		D1C0117A1B00000000000010 /* Characters */ = {isa = PBXFileReference; lastKnownFileType = folder; path = Characters; sourceTree = "<group>"; };
		D1C0117A1B00000000000012 /* NekoCharacter.h */ = {isa = PBXFileReference; fileEncoding = 4; lastKnownFileType = sourcecode.c.h; path = NekoCharacter.h; sourceTree = "<group>"; };
		D1C0117A1B00000000000013 /* NekoCharacter.m */ = {isa = PBXFileReference; fileEncoding = 4; lastKnownFileType = sourcecode.c.objc; path = NekoCharacter.m; sourceTree = "<group>"; };
		D1C0117A1B00000000000040 /* NekoAnswerProvider.h */ = {isa = PBXFileReference; fileEncoding = 4; lastKnownFileType = sourcecode.c.h; path = NekoAnswerProvider.h; sourceTree = "<group>"; };
		D1C0117A1B00000000000041 /* NekoAnswerProvider.m */ = {isa = PBXFileReference; fileEncoding = 4; lastKnownFileType = sourcecode.c.objc; path = NekoAnswerProvider.m; sourceTree = "<group>"; };
		D1C0117A1B00000000000043 /* NekoShortcutProvider.h */ = {isa = PBXFileReference; fileEncoding = 4; lastKnownFileType = sourcecode.c.h; path = NekoShortcutProvider.h; sourceTree = "<group>"; };
		D1C0117A1B00000000000044 /* NekoShortcutProvider.m */ = {isa = PBXFileReference; fileEncoding = 4; lastKnownFileType = sourcecode.c.objc; path = NekoShortcutProvider.m; sourceTree = "<group>"; };
		D1C0117A1B00000000000046 /* NekoModelProvider.h */ = {isa = PBXFileReference; fileEncoding = 4; lastKnownFileType = sourcecode.c.h; path = NekoModelProvider.h; sourceTree = "<group>"; };
		D1C0117A1B00000000000047 /* NekoModelProvider.m */ = {isa = PBXFileReference; fileEncoding = 4; lastKnownFileType = sourcecode.c.objc; path = NekoModelProvider.m; sourceTree = "<group>"; };
		D1C0117A1B00000000000049 /* NekoHotKey.h */ = {isa = PBXFileReference; fileEncoding = 4; lastKnownFileType = sourcecode.c.h; path = NekoHotKey.h; sourceTree = "<group>"; };
		D1C0117A1B0000000000004A /* NekoHotKey.m */ = {isa = PBXFileReference; fileEncoding = 4; lastKnownFileType = sourcecode.c.objc; path = NekoHotKey.m; sourceTree = "<group>"; };
		D1C0117A1B0000000000004C /* NekoListener.h */ = {isa = PBXFileReference; fileEncoding = 4; lastKnownFileType = sourcecode.c.h; path = NekoListener.h; sourceTree = "<group>"; };
		D1C0117A1B0000000000004D /* NekoListener.m */ = {isa = PBXFileReference; fileEncoding = 4; lastKnownFileType = sourcecode.c.objc; path = NekoListener.m; sourceTree = "<group>"; };
		D1C0117A1B0000000000004F /* NekoBubble.h */ = {isa = PBXFileReference; fileEncoding = 4; lastKnownFileType = sourcecode.c.h; path = NekoBubble.h; sourceTree = "<group>"; };
		D1C0117A1B00000000000050 /* NekoBubble.m */ = {isa = PBXFileReference; fileEncoding = 4; lastKnownFileType = sourcecode.c.objc; path = NekoBubble.m; sourceTree = "<group>"; };
		D1C0117A1B00000000000052 /* NekoAsk.h */ = {isa = PBXFileReference; fileEncoding = 4; lastKnownFileType = sourcecode.c.h; path = NekoAsk.h; sourceTree = "<group>"; };
		D1C0117A1B00000000000053 /* NekoAsk.m */ = {isa = PBXFileReference; fileEncoding = 4; lastKnownFileType = sourcecode.c.objc; path = NekoAsk.m; sourceTree = "<group>"; };
		D1C0117A1B00000000000070 /* NekoAppleProvider.m */ = {isa = PBXFileReference; fileEncoding = 4; lastKnownFileType = sourcecode.c.objc; path = NekoAppleProvider.m; sourceTree = "<group>"; };
		D1C0117A1B00000000000072 /* NekoAppleModel.swift */ = {isa = PBXFileReference; fileEncoding = 4; lastKnownFileType = sourcecode.swift; path = NekoAppleModel.swift; sourceTree = "<group>"; };
		D1C0117A1B0000000000007A /* NekoAppleProvider.h */ = {isa = PBXFileReference; fileEncoding = 4; lastKnownFileType = sourcecode.c.h; path = NekoAppleProvider.h; sourceTree = "<group>"; };
		D1C0117A1B00000000000080 /* NekoOpenAIProvider.m */ = {isa = PBXFileReference; fileEncoding = 4; lastKnownFileType = sourcecode.c.objc; path = NekoOpenAIProvider.m; sourceTree = "<group>"; };
		D1C0117A1B00000000000082 /* NekoKeychain.m */ = {isa = PBXFileReference; fileEncoding = 4; lastKnownFileType = sourcecode.c.objc; path = NekoKeychain.m; sourceTree = "<group>"; };
		D1C0117A1B00000000000084 /* NekoOpenAIProvider.h */ = {isa = PBXFileReference; fileEncoding = 4; lastKnownFileType = sourcecode.c.h; path = NekoOpenAIProvider.h; sourceTree = "<group>"; };
		D1C0117A1B00000000000086 /* NekoKeychain.h */ = {isa = PBXFileReference; fileEncoding = 4; lastKnownFileType = sourcecode.c.h; path = NekoKeychain.h; sourceTree = "<group>"; };
		D1C0117A1B00000000000090 /* NekoModelStore.m */ = {isa = PBXFileReference; fileEncoding = 4; lastKnownFileType = sourcecode.c.objc; path = NekoModelStore.m; sourceTree = "<group>"; };
		D1C0117A1B00000000000092 /* NekoLocalProvider.m */ = {isa = PBXFileReference; fileEncoding = 4; lastKnownFileType = sourcecode.c.objc; path = NekoLocalProvider.m; sourceTree = "<group>"; };
		D1C0117A1B00000000000094 /* NekoModelStore.h */ = {isa = PBXFileReference; fileEncoding = 4; lastKnownFileType = sourcecode.c.h; path = NekoModelStore.h; sourceTree = "<group>"; };
		D1C0117A1B00000000000096 /* NekoLocalProvider.h */ = {isa = PBXFileReference; fileEncoding = 4; lastKnownFileType = sourcecode.c.h; path = NekoLocalProvider.h; sourceTree = "<group>"; };
		D1C0117A1B00000000000001 /* NekoController.h */ = {isa = PBXFileReference; fileEncoding = 4; lastKnownFileType = sourcecode.c.h; path = NekoController.h; sourceTree = "<group>"; };
		D1C0117A1B00000000000002 /* NekoController.m */ = {isa = PBXFileReference; fileEncoding = 4; lastKnownFileType = sourcecode.c.objc; path = NekoController.m; sourceTree = "<group>"; };
		8D1107320486CEB800E47090 /* Neko.app */ = {isa = PBXFileReference; explicitFileType = wrapper.application; includeInIndex = 0; path = Neko.app; sourceTree = BUILT_PRODUCTS_DIR; };
		A700278B0CA641680057F7E4 /* MyPanel.h */ = {isa = PBXFileReference; fileEncoding = 4; lastKnownFileType = sourcecode.c.h; path = MyPanel.h; sourceTree = "<group>"; };
		A700278C0CA641680057F7E4 /* MyPanel.m */ = {isa = PBXFileReference; fileEncoding = 4; lastKnownFileType = sourcecode.c.objc; path = MyPanel.m; sourceTree = "<group>"; usesTabs = 1; };
		A70027B10CA6447E0057F7E4 /* MyView.h */ = {isa = PBXFileReference; fileEncoding = 4; lastKnownFileType = sourcecode.c.h; path = MyView.h; sourceTree = "<group>"; };
		A70027B20CA6447E0057F7E4 /* MyView.m */ = {isa = PBXFileReference; fileEncoding = 4; lastKnownFileType = sourcecode.c.objc; path = MyView.m; sourceTree = "<group>"; };
		A78E7A3E1A575EFE008B4180 /* Neko.entitlements */ = {isa = PBXFileReference; lastKnownFileType = text.xml; path = Neko.entitlements; sourceTree = "<group>"; };
		A78E7A3F1A576567008B4180 /* Info.plist */ = {isa = PBXFileReference; fileEncoding = 4; lastKnownFileType = text.plist.xml; path = Info.plist; sourceTree = "<group>"; };
		A7B9FF1C1A575C310074B4D4 /* Neko.icns */ = {isa = PBXFileReference; lastKnownFileType = image.icns; path = Neko.icns; sourceTree = "<group>"; };
/* End PBXFileReference section */

/* Begin PBXFrameworksBuildPhase section */
		8D11072E0486CEB800E47090 /* Frameworks */ = {
			isa = PBXFrameworksBuildPhase;
			buildActionMask = 2147483647;
			files = (
				8D11072F0486CEB800E47090 /* Cocoa.framework in Frameworks */,
				D1C0117A1B00000000000061 /* Carbon.framework in Frameworks */,
				D1C0117A1B00000000000063 /* Security.framework in Frameworks */,
				D1C0117A1B00000000000065 /* AVFoundation.framework in Frameworks */,
				D1C0117A1B00000000000067 /* Speech.framework in Frameworks */,
				D1C0117A1B0000000000007D /* FoundationModels.framework in Frameworks */,
				D1C0117A1B00000000000031 /* ServiceManagement.framework in Frameworks */,
			);
			runOnlyForDeploymentPostprocessing = 0;
		};
/* End PBXFrameworksBuildPhase section */

/* Begin PBXGroup section */
		080E96DDFE201D6D7F000001 /* Classes */ = {
			isa = PBXGroup;
			children = (
				A700278B0CA641680057F7E4 /* MyPanel.h */,
				A700278C0CA641680057F7E4 /* MyPanel.m */,
				A70027B10CA6447E0057F7E4 /* MyView.h */,
				A70027B20CA6447E0057F7E4 /* MyView.m */,
				D1C0117A1B00000000000012 /* NekoCharacter.h */,
				D1C0117A1B00000000000013 /* NekoCharacter.m */,
				D1C0117A1B00000000000040 /* NekoAnswerProvider.h */,
				D1C0117A1B00000000000041 /* NekoAnswerProvider.m */,
				D1C0117A1B00000000000043 /* NekoShortcutProvider.h */,
				D1C0117A1B00000000000044 /* NekoShortcutProvider.m */,
				D1C0117A1B00000000000046 /* NekoModelProvider.h */,
				D1C0117A1B00000000000047 /* NekoModelProvider.m */,
				D1C0117A1B00000000000049 /* NekoHotKey.h */,
				D1C0117A1B0000000000004A /* NekoHotKey.m */,
				D1C0117A1B0000000000004C /* NekoListener.h */,
				D1C0117A1B0000000000004D /* NekoListener.m */,
				D1C0117A1B0000000000004F /* NekoBubble.h */,
				D1C0117A1B00000000000050 /* NekoBubble.m */,
				D1C0117A1B00000000000052 /* NekoAsk.h */,
				D1C0117A1B00000000000053 /* NekoAsk.m */,
				D1C0117A1B00000000000070 /* NekoAppleProvider.m */,
				D1C0117A1B00000000000072 /* NekoAppleModel.swift */,
				D1C0117A1B0000000000007A /* NekoAppleProvider.h */,
				D1C0117A1B00000000000080 /* NekoOpenAIProvider.m */,
				D1C0117A1B00000000000082 /* NekoKeychain.m */,
				D1C0117A1B00000000000084 /* NekoOpenAIProvider.h */,
				D1C0117A1B00000000000086 /* NekoKeychain.h */,
				D1C0117A1B00000000000090 /* NekoModelStore.m */,
				D1C0117A1B00000000000092 /* NekoLocalProvider.m */,
				D1C0117A1B00000000000094 /* NekoModelStore.h */,
				D1C0117A1B00000000000096 /* NekoLocalProvider.h */,
				D1C0117A1B00000000000001 /* NekoController.h */,
				D1C0117A1B00000000000002 /* NekoController.m */,
			);
			name = Classes;
			path = src;
			sourceTree = "<group>";
		};
		1058C7A0FEA54F0111CA2CBB /* Linked Frameworks */ = {
			isa = PBXGroup;
			children = (
				1058C7A1FEA54F0111CA2CBB /* Cocoa.framework */,
				D1C0117A1B00000000000060 /* Carbon.framework */,
				D1C0117A1B00000000000062 /* Security.framework */,
				D1C0117A1B00000000000064 /* AVFoundation.framework */,
				D1C0117A1B00000000000066 /* Speech.framework */,
				D1C0117A1B0000000000007C /* FoundationModels.framework */,
				D1C0117A1B00000000000030 /* ServiceManagement.framework */,
			);
			name = "Linked Frameworks";
			sourceTree = "<group>";
		};
		1058C7A2FEA54F0111CA2CBB /* Other Frameworks */ = {
			isa = PBXGroup;
			children = (
				29B97324FDCFA39411CA2CEA /* AppKit.framework */,
				13E42FB307B3F0F600E4EEF1 /* CoreData.framework */,
				29B97325FDCFA39411CA2CEA /* Foundation.framework */,
			);
			name = "Other Frameworks";
			sourceTree = "<group>";
		};
		19C28FACFE9D520D11CA2CBB /* Products */ = {
			isa = PBXGroup;
			children = (
				8D1107320486CEB800E47090 /* Neko.app */,
			);
			name = Products;
			sourceTree = "<group>";
		};
		29B97314FDCFA39411CA2CEA /* Neko */ = {
			isa = PBXGroup;
			children = (
				A78E7A3F1A576567008B4180 /* Info.plist */,
				A78E7A3E1A575EFE008B4180 /* Neko.entitlements */,
				080E96DDFE201D6D7F000001 /* Classes */,
				29B97315FDCFA39411CA2CEA /* Other Sources */,
				29B97317FDCFA39411CA2CEA /* Resources */,
				29B97323FDCFA39411CA2CEA /* Frameworks */,
				19C28FACFE9D520D11CA2CBB /* Products */,
			);
			name = Neko;
			sourceTree = "<group>";
		};
		29B97315FDCFA39411CA2CEA /* Other Sources */ = {
			isa = PBXGroup;
			children = (
				32CA4F630368D1EE00C91783 /* Neko_Prefix.pch */,
				29B97316FDCFA39411CA2CEA /* main.m */,
			);
			name = "Other Sources";
			path = src;
			sourceTree = "<group>";
		};
		29B97317FDCFA39411CA2CEA /* Resources */ = {
			isa = PBXGroup;
			children = (
				A7B9FF1C1A575C310074B4D4 /* Neko.icns */,
				D1C0117A1B00000000000010 /* Characters */,
				D1C0117A1B00000000000024 /* es.lproj */,
				D1C0117A1B00000000000022 /* fr.lproj */,
				D1C0117A1B00000000000020 /* it.lproj */,
				089C165CFE840E0CC02AAC07 /* InfoPlist.strings */,
				29B97318FDCFA39411CA2CEA /* MainMenu.nib */,
			);
			path = Resources;
			sourceTree = "<group>";
		};
		29B97323FDCFA39411CA2CEA /* Frameworks */ = {
			isa = PBXGroup;
			children = (
				1058C7A0FEA54F0111CA2CBB /* Linked Frameworks */,
				1058C7A2FEA54F0111CA2CBB /* Other Frameworks */,
			);
			name = Frameworks;
			sourceTree = "<group>";
		};
/* End PBXGroup section */

/* Begin PBXNativeTarget section */
		8D1107260486CEB800E47090 /* Neko */ = {
			isa = PBXNativeTarget;
			buildConfigurationList = C01FCF4A08A954540054247B /* Build configuration list for PBXNativeTarget "Neko" */;
			buildPhases = (
				8D1107290486CEB800E47090 /* Resources */,
				8D11072C0486CEB800E47090 /* Sources */,
				8D11072E0486CEB800E47090 /* Frameworks */,
			);
			buildRules = (
			);
			dependencies = (
			);
			name = Neko;
			productInstallPath = "$(HOME)/Applications";
			productName = Neko;
			productReference = 8D1107320486CEB800E47090 /* Neko.app */;
			productType = "com.apple.product-type.application";
		};
/* End PBXNativeTarget section */

/* Begin PBXProject section */
		29B97313FDCFA39411CA2CEA /* Project object */ = {
			isa = PBXProject;
			attributes = {
				LastUpgradeCheck = 0610;
				TargetAttributes = {
					8D1107260486CEB800E47090 = {
						SystemCapabilities = {
							com.apple.Sandbox = {
								enabled = 1;
							};
						};
					};
				};
			};
			buildConfigurationList = C01FCF4E08A954540054247B /* Build configuration list for PBXProject "Neko" */;
			compatibilityVersion = "Xcode 3.2";
			developmentRegion = English;
			hasScannedForEncodings = 1;
			knownRegions = (
				en,
				it,
				fr,
				es,
			);
			mainGroup = 29B97314FDCFA39411CA2CEA /* Neko */;
			projectDirPath = "";
			projectRoot = "";
			targets = (
				8D1107260486CEB800E47090 /* Neko */,
			);
		};
/* End PBXProject section */

/* Begin PBXResourcesBuildPhase section */
		8D1107290486CEB800E47090 /* Resources */ = {
			isa = PBXResourcesBuildPhase;
			buildActionMask = 2147483647;
			files = (
				8D11072A0486CEB800E47090 /* MainMenu.nib in Resources */,
				8D11072B0486CEB800E47090 /* InfoPlist.strings in Resources */,
				D1C0117A1B00000000000011 /* Characters in Resources */,
				D1C0117A1B00000000000025 /* es.lproj in Resources */,
				D1C0117A1B00000000000023 /* fr.lproj in Resources */,
				D1C0117A1B00000000000021 /* it.lproj in Resources */,
				A7B9FF1D1A575C310074B4D4 /* Neko.icns in Resources */,
			);
			runOnlyForDeploymentPostprocessing = 0;
		};
/* End PBXResourcesBuildPhase section */

/* Begin PBXSourcesBuildPhase section */
		8D11072C0486CEB800E47090 /* Sources */ = {
			isa = PBXSourcesBuildPhase;
			buildActionMask = 2147483647;
			files = (
				8D11072D0486CEB800E47090 /* main.m in Sources */,
				A700278D0CA641680057F7E4 /* MyPanel.m in Sources */,
				A70027B30CA6447E0057F7E4 /* MyView.m in Sources */,
				D1C0117A1B00000000000014 /* NekoCharacter.m in Sources */,
				D1C0117A1B00000000000042 /* NekoAnswerProvider.m in Sources */,
				D1C0117A1B00000000000045 /* NekoShortcutProvider.m in Sources */,
				D1C0117A1B00000000000048 /* NekoModelProvider.m in Sources */,
				D1C0117A1B0000000000004B /* NekoHotKey.m in Sources */,
				D1C0117A1B0000000000004E /* NekoListener.m in Sources */,
				D1C0117A1B00000000000051 /* NekoBubble.m in Sources */,
				D1C0117A1B00000000000054 /* NekoAsk.m in Sources */,
				D1C0117A1B00000000000071 /* NekoAppleProvider.m in Sources */,
				D1C0117A1B00000000000073 /* NekoAppleModel.swift in Sources */,
				D1C0117A1B00000000000081 /* NekoOpenAIProvider.m in Sources */,
				D1C0117A1B00000000000083 /* NekoKeychain.m in Sources */,
				D1C0117A1B00000000000091 /* NekoModelStore.m in Sources */,
				D1C0117A1B00000000000093 /* NekoLocalProvider.m in Sources */,
				D1C0117A1B00000000000003 /* NekoController.m in Sources */,
			);
			runOnlyForDeploymentPostprocessing = 0;
		};
/* End PBXSourcesBuildPhase section */

/* Begin PBXVariantGroup section */
		089C165CFE840E0CC02AAC07 /* InfoPlist.strings */ = {
			isa = PBXVariantGroup;
			children = (
				089C165DFE840E0CC02AAC07 /* English */,
			);
			name = InfoPlist.strings;
			sourceTree = "<group>";
		};
		29B97318FDCFA39411CA2CEA /* MainMenu.nib */ = {
			isa = PBXVariantGroup;
			children = (
				29B97319FDCFA39411CA2CEA /* English */,
			);
			name = MainMenu.nib;
			sourceTree = "<group>";
		};
/* End PBXVariantGroup section */

/* Begin XCBuildConfiguration section */
		C01FCF4B08A954540054247B /* Debug */ = {
			isa = XCBuildConfiguration;
			buildSettings = {
				CODE_SIGN_ENTITLEMENTS = Neko.entitlements;
				CODE_SIGN_IDENTITY = "-";
				COMBINE_HIDPI_IMAGES = YES;
				COPY_PHASE_STRIP = NO;
				GCC_DYNAMIC_NO_PIC = NO;
				GCC_ENABLE_FIX_AND_CONTINUE = YES;
				GCC_MODEL_TUNING = G5;
				GCC_OPTIMIZATION_LEVEL = 0;
				INFOPLIST_FILE = Info.plist;
				INSTALL_PATH = "$(HOME)/Applications";
				PRODUCT_NAME = Neko;
				MACOSX_DEPLOYMENT_TARGET = 11.0;
				SWIFT_VERSION = 5.0;
				SDKROOT = macosx;
				WRAPPER_EXTENSION = app;
				ZERO_LINK = YES;
			};
			name = Debug;
		};
		C01FCF4C08A954540054247B /* Release */ = {
			isa = XCBuildConfiguration;
			buildSettings = {
				CODE_SIGN_ENTITLEMENTS = Neko.entitlements;
				CODE_SIGN_IDENTITY = "-";
				COMBINE_HIDPI_IMAGES = YES;
				GCC_GENERATE_DEBUGGING_SYMBOLS = NO;
				GCC_MODEL_TUNING = G5;
				INFOPLIST_FILE = Info.plist;
				INSTALL_PATH = "$(HOME)/Applications";
				PRODUCT_NAME = Neko;
				MACOSX_DEPLOYMENT_TARGET = 11.0;
				SWIFT_VERSION = 5.0;
				SDKROOT = macosx;
				WRAPPER_EXTENSION = app;
			};
			name = Release;
		};
		C01FCF4F08A954540054247B /* Debug */ = {
			isa = XCBuildConfiguration;
			buildSettings = {
				GCC_WARN_ABOUT_RETURN_TYPE = YES;
				GCC_WARN_UNUSED_VARIABLE = YES;
				ONLY_ACTIVE_ARCH = YES;
				PREBINDING = NO;
				SDKROOT = macosx;
			};
			name = Debug;
		};
		C01FCF5008A954540054247B /* Release */ = {
			isa = XCBuildConfiguration;
			buildSettings = {
				GCC_WARN_ABOUT_RETURN_TYPE = YES;
				GCC_WARN_UNUSED_VARIABLE = YES;
				PREBINDING = NO;
				SDKROOT = macosx;
			};
			name = Release;
		};
/* End XCBuildConfiguration section */

/* Begin XCConfigurationList section */
		C01FCF4A08A954540054247B /* Build configuration list for PBXNativeTarget "Neko" */ = {
			isa = XCConfigurationList;
			buildConfigurations = (
				C01FCF4B08A954540054247B /* Debug */,
				C01FCF4C08A954540054247B /* Release */,
			);
			defaultConfigurationIsVisible = 0;
			defaultConfigurationName = Release;
		};
		C01FCF4E08A954540054247B /* Build configuration list for PBXProject "Neko" */ = {
			isa = XCConfigurationList;
			buildConfigurations = (
				C01FCF4F08A954540054247B /* Debug */,
				C01FCF5008A954540054247B /* Release */,
			);
			defaultConfigurationIsVisible = 0;
			defaultConfigurationName = Release;
		};
/* End XCConfigurationList section */
	};
	rootObject = 29B97313FDCFA39411CA2CEA /* Project object */;
}
